<?xml version="1.0" encoding="utf-8"?>
<Project ToolsVersion="4.0" xmlns="http://schemas.microsoft.com/developer/msbuild/2003">
  <ItemGroup>
    <Filter Include="Source Files">
      <UniqueIdentifier>{fac1a9fa-717b-463a-831f-1a5afe88c8f9}</UniqueIdentifier>
    </Filter>
    <Filter Include="Generated Files">
      <UniqueIdentifier>{77fe8611-4095-471e-a009-0b88103c3fa5}</UniqueIdentifier>
      <SourceControlFiles>False</SourceControlFiles>
    </Filter>
  </ItemGroup>
  <ItemGroup>
    <None Include="com_serverps.def" />
  </ItemGroup>
  <ItemGroup>
    <ClCompile Include="com_server_i.c">
      <Filter>Generated Files</Filter>
    </ClCompile>
    <ClCompile Include="com_server_p.c">
      <Filter>Generated Files</Filter>
    </ClCompile>
    <ClCompile Include="dlldata.c">
      <Filter>Generated Files</Filter>
    </ClCompile>
  </ItemGroup>
</Project>